
Microsoft Visual Studio Solution File, Format Version 12.00
# Visual Studio Version 16
VisualStudioVersion = 16.0.29709.97
MinimumVisualStudioVersion = 10.0.40219.1
Project("{FAE04EC0-301F-11D3-BF4B-00C04F79EFBC}") = "Tema02Ex01", "Tema02Ex01\Tema02Ex01.csproj", "{AC72E9A8-C6D9-4C8B-8136-D1559908C6DA}"
EndProject
Global
	GlobalSection(SolutionConfigurationPlatforms) = preSolution
		Debug|Any CPU = Debug|Any CPU
		Release|Any CPU = Release|Any CPU
	EndGlobalSection
	GlobalSection(ProjectConfigurationPlatforms) = postSolution
		{AC72E9A8-C6D9-4C8B-8136-D1559908C6DA}.Debug|Any CPU.ActiveCfg = Debug|Any CPU
		{AC72E9A8-C6D9-4C8B-8136-D1559908C6DA}.Debug|Any CPU.Build.0 = Debug|Any CPU
		{AC72E9A8-C6D9-4C8B-8136-D1559908C6DA}.Release|Any CPU.ActiveCfg = Release|Any CPU
		{AC72E9A8-C6D9-4C8B-8136-D1559908C6DA}.Release|Any CPU.Build.0 = Release|Any CPU
	EndGlobalSection
	GlobalSection(SolutionProperties) = preSolution
		HideSolutionNode = FALSE
	EndGlobalSection
	GlobalSection(ExtensibilityGlobals) = postSolution
		SolutionGuid = {DD1BCC41-5495-44D7-BEA9-2C6BF6043A09}
	EndGlobalSection
EndGlobal
